<?xml version="1.0" encoding="utf-8"?>
<Project ToolsVersion="15.0" xmlns="http://schemas.microsoft.com/developer/msbuild/2003">
  <ItemGroup>
    <Filter Include="Resources">
      <UniqueIdentifier>f49d1716-014d-4a3c-866e-9b1a95c52460</UniqueIdentifier>
      <Extensions>rc;ico;cur;bmp;dlg;rc2;rct;bin;rgs;gif;jpg;jpeg;jpe;resx;tga;tiff;tif;png;wav;mfcribbon-ms</Extensions>
    </Filter>
  </ItemGroup>
  <ItemGroup>
    <ClCompile Include="src\pch.cpp" />
    <ClCompile Include="src\emd\Emd.cpp" />
    <ClCompile Include="src\hsa\Hsa.cpp" />
    <ClCompile Include="src\ai\Classifier.cpp" />
  </ItemGroup>
  <ItemGroup>
    <ClInclude Include="src\pch.h" />
    <ClInclude Include="src\emd\Emd.h" />
    <ClInclude Include="src\emd\Decomposition.h" />
    <ClInclude Include="src\hsa\Analysis.h" />
    <ClInclude Include="src\hsa\Hsa.h" />
    <ClInclude Include="src\emd\IImfDecomposition.h" />
    <ClInclude Include="src\hsa\ISpectralAnalysis.h" />
    <ClInclude Include="src\hsa\IHilbertSpectrum.h" />
    <ClInclude Include="src\ai\Learning.h" />
    <ClInclude Include="src\ai\Classifier.h" />
    <ClInclude Include="src\ai\DecisionTree.h" />
  </ItemGroup>
</Project>