
Microsoft Visual Studio Solution File, Format Version 12.00
# Visual Studio 15
VisualStudioVersion = 15.0.26730.16
MinimumVisualStudioVersion = 10.0.40219.1
Project("{FAE04EC0-301F-11D3-BF4B-00C04F79EFBC}") = "Communication", "Communication\Communication.csproj", "{A7540DAF-9B72-49F5-86F9-0966640624AB}"
EndProject
Project("{FAE04EC0-301F-11D3-BF4B-00C04F79EFBC}") = "ConsoleTests", "ConsoleTests\ConsoleTests.csproj", "{91BC1E80-5FB0-4890-AED2-4075F02534FF}"
EndProject
Project("{FAE04EC0-301F-11D3-BF4B-00C04F79EFBC}") = "Gui", "Gui\Gui.csproj", "{B6A35E2A-476A-43AB-8A3C-BF7A49E4046C}"
EndProject
Global
	GlobalSection(SolutionConfigurationPlatforms) = preSolution
		Debug|Any CPU = Debug|Any CPU
		Release|Any CPU = Release|Any CPU
	EndGlobalSection
	GlobalSection(ProjectConfigurationPlatforms) = postSolution
		{A7540DAF-9B72-49F5-86F9-0966640624AB}.Debug|Any CPU.ActiveCfg = Debug|Any CPU
		{A7540DAF-9B72-49F5-86F9-0966640624AB}.Debug|Any CPU.Build.0 = Debug|Any CPU
		{A7540DAF-9B72-49F5-86F9-0966640624AB}.Release|Any CPU.ActiveCfg = Release|Any CPU
		{A7540DAF-9B72-49F5-86F9-0966640624AB}.Release|Any CPU.Build.0 = Release|Any CPU
		{91BC1E80-5FB0-4890-AED2-4075F02534FF}.Debug|Any CPU.ActiveCfg = Debug|Any CPU
		{91BC1E80-5FB0-4890-AED2-4075F02534FF}.Debug|Any CPU.Build.0 = Debug|Any CPU
		{91BC1E80-5FB0-4890-AED2-4075F02534FF}.Release|Any CPU.ActiveCfg = Release|Any CPU
		{91BC1E80-5FB0-4890-AED2-4075F02534FF}.Release|Any CPU.Build.0 = Release|Any CPU
		{B6A35E2A-476A-43AB-8A3C-BF7A49E4046C}.Debug|Any CPU.ActiveCfg = Debug|Any CPU
		{B6A35E2A-476A-43AB-8A3C-BF7A49E4046C}.Debug|Any CPU.Build.0 = Debug|Any CPU
		{B6A35E2A-476A-43AB-8A3C-BF7A49E4046C}.Release|Any CPU.ActiveCfg = Release|Any CPU
		{B6A35E2A-476A-43AB-8A3C-BF7A49E4046C}.Release|Any CPU.Build.0 = Release|Any CPU
	EndGlobalSection
	GlobalSection(SolutionProperties) = preSolution
		HideSolutionNode = FALSE
	EndGlobalSection
	GlobalSection(ExtensibilityGlobals) = postSolution
		SolutionGuid = {D4087B82-68D5-4FEF-A0F9-94BA980667BF}
	EndGlobalSection
EndGlobal
